
Microsoft Visual Studio Solution File, Format Version 12.00
# Visual Studio Version 17
VisualStudioVersion = 17.11.35222.181
MinimumVisualStudioVersion = 10.0.40219.1
Project("{FAE04EC0-301F-11D3-BF4B-00C04F79EFBC}") = "FribergCarRentals_GOhman", "FribergCarRentals_GOhman.csproj", "{9EEE29B9-6334-41AC-B70A-4D79C6B8D026}"
EndProject
Global
	GlobalSection(SolutionConfigurationPlatforms) = preSolution
		Debug|Any CPU = Debug|Any CPU
		Release|Any CPU = Release|Any CPU
	EndGlobalSection
	GlobalSection(ProjectConfigurationPlatforms) = postSolution
		{9EEE29B9-6334-41AC-B70A-4D79C6B8D026}.Debug|Any CPU.ActiveCfg = Debug|Any CPU
		{9EEE29B9-6334-41AC-B70A-4D79C6B8D026}.Debug|Any CPU.Build.0 = Debug|Any CPU
		{9EEE29B9-6334-41AC-B70A-4D79C6B8D026}.Release|Any CPU.ActiveCfg = Release|Any CPU
		{9EEE29B9-6334-41AC-B70A-4D79C6B8D026}.Release|Any CPU.Build.0 = Release|Any CPU
	EndGlobalSection
	GlobalSection(SolutionProperties) = preSolution
		HideSolutionNode = FALSE
	EndGlobalSection
	GlobalSection(ExtensibilityGlobals) = postSolution
		SolutionGuid = {CBD5D5ED-DB48-458A-AE0E-DBF7D4D065C0}
	EndGlobalSection
EndGlobal
